
Microsoft Visual Studio Solution File, Format Version 12.00
# Visual Studio Version 16
VisualStudioVersion = 16.0.32802.440
MinimumVisualStudioVersion = 10.0.40219.1
Project("{FAE04EC0-301F-11D3-BF4B-00C04F79EFBC}") = "Factory Design Pattern", "Factory Design Pattern\Factory Design Pattern.csproj", "{63D6BB2A-1579-4CCA-AD2E-C04BF168A78B}"
EndProject
Global
	GlobalSection(SolutionConfigurationPlatforms) = preSolution
		Debug|Any CPU = Debug|Any CPU
		Release|Any CPU = Release|Any CPU
	EndGlobalSection
	GlobalSection(ProjectConfigurationPlatforms) = postSolution
		{63D6BB2A-1579-4CCA-AD2E-C04BF168A78B}.Debug|Any CPU.ActiveCfg = Debug|Any CPU
		{63D6BB2A-1579-4CCA-AD2E-C04BF168A78B}.Debug|Any CPU.Build.0 = Debug|Any CPU
		{63D6BB2A-1579-4CCA-AD2E-C04BF168A78B}.Release|Any CPU.ActiveCfg = Release|Any CPU
		{63D6BB2A-1579-4CCA-AD2E-C04BF168A78B}.Release|Any CPU.Build.0 = Release|Any CPU
	EndGlobalSection
	GlobalSection(SolutionProperties) = preSolution
		HideSolutionNode = FALSE
	EndGlobalSection
	GlobalSection(ExtensibilityGlobals) = postSolution
		SolutionGuid = {B1B2845C-7C59-48A7-998A-D5A05EEADE33}
	EndGlobalSection
EndGlobal
